[tools.age]
version = "1.2.1"
backend = "aqua:FiloSottile/age"

[tools."aqua:Azure/kubelogin"]
version = "0.2.13"
backend = "aqua:Azure/kubelogin"

[tools.argocd]
version = "3.2.0"
backend = "aqua:argoproj/argo-cd"

[tools.awscli]
version = "2.32.6"
backend = "aqua:aws/aws-cli"

[tools.azure-cli]
version = "2.81.0"
backend = "asdf:azure-cli"

[tools.cilium-cli]
version = "0.18.8"
backend = "aqua:cilium/cilium-cli"

[tools.cilium-hubble]
version = "1.18.3"
backend = "ubi:cilium/hubble"

[tools.clusterctl]
version = "1.11.3"
backend = "aqua:kubernetes-sigs/cluster-api"

[tools.cmctl]
version = "2.3.0"
backend = "aqua:cert-manager/cmctl"

[tools.cosign]
version = "3.0.2"
backend = "aqua:sigstore/cosign"

[tools.direnv]
version = "2.37.1"
backend = "aqua:direnv/direnv"

[tools.docker-compose]
version = "2.40.3"
backend = "ubi:docker/compose"

[tools.doctl]
version = "1.147.0"
backend = "aqua:digitalocean/doctl"

[tools.eksctl]
version = "0.219.0"
backend = "aqua:eksctl-io/eksctl"

[tools.flux2]
version = "2.7.5"
backend = "aqua:fluxcd/flux2"

[tools.forward-email]
version = "0.1.0"
backend = "ubi:ginsys/forward-email"

[tools.gcloud]
version = "548.0.0"
backend = "asdf:gcloud"

[tools.github-cli]
version = "2.83.1"
backend = "aqua:cli/cli"

[tools."gitlab:gitlab-org/cli"]
version = "1.78.3"
backend = "gitlab:gitlab-org/cli"

[tools.go]
version = "1.25.4"
backend = "core:go"

[tools.hcloud]
version = "1.57.0"
backend = "asdf:hcloud"

[tools.helm]
version = "4.0.1"
backend = "aqua:helm/helm"

[tools.hugo]
version = "0.152.2"
backend = "aqua:gohugoio/hugo"

[tools.hurl]
version = "7.1.0"
backend = "ubi:Orange-OpenSource/hurl"

[tools.hurlfmt]
version = "7.1.0"
backend = "ubi:Orange-OpenSource/hurl"

[tools.jb]
version = "0.6.0"
backend = "asdf:jb"

[tools.jless]
version = "0.9.0"
backend = "aqua:PaulJuliusMartinez/jless"

[tools.k9s]
version = "0.50.16"
backend = "ubi:derailed/k9s"

[tools.kind]
version = "0.30.0"
backend = "aqua:kubernetes-sigs/kind"

[tools.kompose]
version = "1.37.0"
backend = "aqua:kubernetes/kompose"

[tools.krew]
version = "0.4.5"
backend = "aqua:kubernetes-sigs/krew"

[tools.kube-capacity]
version = "0.8.0"
backend = "aqua:robscott/kube-capacity"

[tools.kube-score]
version = "1.20.0"
backend = "aqua:zegl/kube-score"

[tools.kubebuilder]
version = "4.10.1"
backend = "aqua:kubernetes-sigs/kubebuilder"

[tools.kubecolor]
version = "0.5.3"
backend = "ubi:kubecolor/kubecolor"

[tools.kubeconform]
version = "0.7.0"
backend = "aqua:yannh/kubeconform"

[tools.kubectl]
version = "1.34.2"
backend = "aqua:kubernetes/kubectl"

[tools.kubent]
version = "0.7.1"
backend = "asdf:kubent"

[tools.kubeseal]
version = "0.33.1"
backend = "asdf:kubeseal"

[tools.kubesec]
version = "2.14.2"
backend = "aqua:controlplaneio/kubesec"

[tools.kubespy]
version = "0.6.3"
backend = "aqua:pulumi/kubespy"

[tools.kubie]
version = "0.26.0"
backend = "aqua:sbstp/kubie"

[tools.kustomize]
version = "5.8.0"
backend = "aqua:kubernetes-sigs/kustomize"

[tools.neovim]
version = "0.11.1"
backend = "aqua:neovim/neovim"

[tools.nova]
version = "3.11.9"
backend = "aqua:FairwindsOps/nova"

[tools.pluto]
version = "5.22.6"
backend = "aqua:FairwindsOps/pluto"

[tools.pnpm]
version = "10.24.0"
backend = "aqua:pnpm/pnpm"

[tools.popeye]
version = "0.22.1"
backend = "aqua:derailed/popeye"

[tools.python]
version = "3.14.0"
backend = "core:python"

[tools.rbac-lookup]
version = "0.10.3"
backend = "aqua:FairwindsOps/rbac-lookup"

[tools.regbot]
version = "0.10.0"
backend = "ubi:regclient/regclient"

[tools.regctl]
version = "0.10.0"
backend = "ubi:regclient/regclient"

[tools.regsync]
version = "0.10.0"
backend = "ubi:regclient/regclient"

[tools.ripgrep]
version = "15.1.0"
backend = "ubi:BurntSushi/ripgrep"

[tools.rust]
version = "1.91.1"
backend = "core:rust"

[tools.satty]
version = "0.20.0"
backend = "ubi:gabm/Satty"

[tools.scaleway-cli]
version = "2.46.0"
backend = "aqua:scaleway/scaleway-cli"

[tools.slsa-verifier]
version = "2.7.1"
backend = "ubi:slsa-framework/slsa-verifier"

[tools.sops]
version = "3.11.0"
backend = "aqua:getsops/sops"

[tools.starship]
version = "1.23.0"
backend = "aqua:starship/starship"

[tools.stern]
version = "1.33.1"
backend = "aqua:stern/stern"

[tools.talhelper]
version = "3.0.41"
backend = "aqua:budimanjojo/talhelper"

[tools.talosctl]
version = "1.11.5"
backend = "ubi:siderolabs/talos[exe=talosctl]"

[tools.ubi]
version = "0.8.4"
backend = "aqua:houseabsolute/ubi"

[tools."ubi:BeryJu/korb"]
version = "2.3.4"
backend = "ubi:BeryJu/korb[exe=korb]"

[tools."ubi:JakWai01/lurk"]
version = "0.3.10"
backend = "ubi:JakWai01/lurk[exe=lurk]"

[tools."ubi:Wilfred/difftastic"]
version = "0.67.0"
backend = "ubi:Wilfred/difftastic[exe=difft]"

[tools."ubi:antonmedv/fx"]
version = "39.2.0"
backend = "ubi:antonmedv/fx[exe=fx]"

[tools."ubi:apple/pkl"]
version = "0.30.0"
backend = "ubi:apple/pkl[exe=pkl]"

[tools."ubi:aristocratos/btop"]
version = "1.4.5"
backend = "ubi:aristocratos/btop"

[tools."ubi:ayoisaiah/f2"]
version = "2.2.2"
backend = "ubi:ayoisaiah/f2"

[tools."ubi:c-bata/kube-prompt"]
version = "1.0.11"
backend = "ubi:c-bata/kube-prompt[exe=kube-prompt]"

[tools."ubi:cilium/hubble"]
version = "1.18.3"
backend = "ubi:cilium/hubble[exe=hubble]"

[tools."ubi:civo/cli"]
version = "1.4.6"
backend = "ubi:civo/cli[exe=civo]"

[tools."ubi:controlplaneio-fluxcd/flux-operator"]
version = "0.36.0"
backend = "ubi:controlplaneio-fluxcd/flux-operator[exe=flux-operator]"

[tools."ubi:dgunzy/flux9s"]
version = "0.5.5"
backend = "ubi:dgunzy/flux9s"

[tools."ubi:direnv/direnv"]
version = "2.37.1"
backend = "ubi:direnv/direnv[exe=direnv]"

[tools."ubi:fullstorydev/grpcurl"]
version = "1.9.3"
backend = "ubi:fullstorydev/grpcurl[exe=grpcurl]"

[tools."ubi:google/go-containerregistry"]
version = "0.20.7"
backend = "ubi:google/go-containerregistry[exe=crane]"

[tools."ubi:google/osv-scanner"]
version = "2.3.0"
backend = "ubi:google/osv-scanner"

[tools."ubi:grampelberg/kty"]
version = "0.3.1"
backend = "ubi:grampelberg/kty"

[tools."ubi:homeport/dyff"]
version = "1.10.2"
backend = "ubi:homeport/dyff[exe=dyff]"

[tools."ubi:jonas-grgt/ktea"]
version = "0.6.3"
backend = "ubi:jonas-grgt/ktea"

[tools."ubi:josephburnett/jd"]
version = "2.3.0"
backend = "ubi:josephburnett/jd[exe=jd]"

[tools."ubi:ksdme/ut"]
version = "0.5.0"
backend = "ubi:ksdme/ut"

[tools."ubi:kubeshark/kubeshark"]
version = "52.10.3"
backend = "ubi:kubeshark/kubeshark[exe=kubeshark]"

[tools."ubi:kubewall/kubewall"]
version = "0.0.14"
backend = "ubi:kubewall/kubewall"

[tools."ubi:macropower/kat"]
version = "0.27.0"
backend = "ubi:macropower/kat"

[tools."ubi:mongodb/kingfisher"]
version = "1.68.0"
backend = "ubi:mongodb/kingfisher"

[tools."ubi:nats-io/nats-server"]
version = "2.12.2"
backend = "ubi:nats-io/nats-server[exe=nats-server]"

[tools."ubi:nats-io/natscli"]
version = "0.3.0"
backend = "ubi:nats-io/natscli[exe=nats]"

[tools."ubi:noahgorstein/jqp"]
version = "0.8.0"
backend = "ubi:noahgorstein/jqp[exe=jqp]"

[tools."ubi:oras-project/oras"]
version = "1.3.0"
backend = "ubi:oras-project/oras[exe=oras]"

[tools."ubi:sharkdp/bat"]
version = "0.26.0"
backend = "ubi:sharkdp/bat"

[tools."ubi:sharkdp/fd"]
version = "10.3.0"
backend = "ubi:sharkdp/fd"

[tools."ubi:sinclairtarget/git-who"]
version = "1.2"
backend = "ubi:sinclairtarget/git-who"

[tools."ubi:sxyazi/yazi"]
version = "25.5.31"
backend = "ubi:sxyazi/yazi[exe=yazi]"

[tools."ubi:updatecli/updatecli"]
version = "0.110.3"
backend = "ubi:updatecli/updatecli[exe=updatecli]"

[tools."ubi:versity/versitygw"]
version = "1.0.19"
backend = "ubi:versity/versitygw[exe=versitygw]"

[tools."ubi:wait4x/wait4x"]
version = "3.6.0"
backend = "ubi:wait4x/wait4x"

[tools."ubi:ynqa/jnv"]
version = "0.6.1"
backend = "ubi:ynqa/jnv[exe=jnv]"

[tools."ubi:yorukot/superfile"]
version = "1.4.0"
backend = "ubi:yorukot/superfile[exe=spf]"

[tools.usage]
version = "2.8.0"
backend = "aqua:jdx/usage"

[tools.uv]
version = "0.9.13"
backend = "aqua:astral-sh/uv"

[tools.vcluster]
version = "0.30.1"
backend = "aqua:loft-sh/vcluster"

[tools.velero]
version = "1.17.1"
backend = "aqua:vmware-tanzu/velero"

[tools.yamlfmt]
version = "0.20.0"
backend = "aqua:google/yamlfmt"

[tools.yq]
version = "4.49.2"
backend = "ubi:mikefarah/yq"
