[[tools."aqua:Azure/kubelogin"]]
version = "0.2.12"
backend = "aqua:Azure/kubelogin"

[[tools.argocd]]
version = "3.1.9"
backend = "aqua:argoproj/argo-cd"

[[tools.awscli]]
version = "2.31.27"
backend = "aqua:aws/aws-cli"

[tools.awscli.platforms.linux-x64]
checksum = "blake3:adf95c8b0939a3b3d1264c741540bd5ccd66ec6b39569b44070873d4571e7fa8"
size = 62199575
url = "https://awscli.amazonaws.com/awscli-exe-linux-x86_64-2.31.27.zip"

[[tools.azure-cli]]
version = "2.79.0"
backend = "asdf:azure-cli"

[[tools.cilium-cli]]
version = "0.18.8"
backend = "aqua:cilium/cilium-cli"

[[tools.cilium-hubble]]
version = "1.18.3"
backend = "ubi:cilium/hubble"

[tools.cilium-hubble.platforms.linux-x64-hubble]
checksum = "blake3:bdc511e88e10429c47f0512d7a64ab39152053439090d89604a6a75e01333e6d"

[[tools.clusterctl]]
version = "1.11.2"
backend = "aqua:kubernetes-sigs/cluster-api"

[[tools.cmctl]]
version = "2.3.0"
backend = "aqua:cert-manager/cmctl"

[[tools.cosign]]
version = "3.0.2"
backend = "aqua:sigstore/cosign"

[[tools.direnv]]
version = "2.37.1"
backend = "aqua:direnv/direnv"

[[tools.docker-compose]]
version = "2.40.3"
backend = "ubi:docker/compose"

[tools.docker-compose.platforms.linux-x64-docker-compose]
checksum = "blake3:c0e11d2dd5b4880f3792ae1ff2670431d2478ed8e8f12a5fedd3215977affc1d"

[[tools.doctl]]
version = "1.146.0"
backend = "aqua:digitalocean/doctl"

[[tools.eksctl]]
version = "0.216.0"
backend = "aqua:eksctl-io/eksctl"

[tools.eksctl.platforms.linux-x64]
checksum = "sha256:999ff5f14b820adf0af5845e720a2aeae34d8c262e28d1e5dec7c919680da297"
size = 37166849
url = "https://github.com/eksctl-io/eksctl/releases/download/v0.216.0/eksctl_Linux_amd64.tar.gz"

[[tools.flux2]]
version = "2.7.3"
backend = "aqua:fluxcd/flux2"

[tools.flux2.platforms.linux-x64]
checksum = "sha256:8882b5d1f37815a99ae92deb045ea052529c627a2ddbda59382cdfa075511132"
size = 24257703
url = "https://github.com/fluxcd/flux2/releases/download/v2.7.3/flux_2.7.3_linux_amd64.tar.gz"

[[tools.forward-email]]
version = "0.1.0"
backend = "ubi:ginsys/forward-email"

[[tools.gcloud]]
version = "545.0.0"
backend = "asdf:gcloud"

[[tools.github-cli]]
version = "2.82.1"
backend = "aqua:cli/cli"

[[tools."gitlab:gitlab-org/cli"]]
version = "1.75.0"
backend = "gitlab:gitlab-org/cli"

[tools."gitlab:gitlab-org/cli".platforms.linux-x64]
checksum = "blake3:0ae32e058f4bd4d403bd5df13626b5d172b8160fa80917a8e15b74b78f5ea278"
name = "glab_1.75.0_linux_amd64.tar.gz"
size = 16687747
url = "https://gitlab.com/gitlab-org/cli/-/releases/v1.75.0/downloads/glab_1.75.0_linux_amd64.tar.gz"
url_api = "https://gitlab.com/api/v4/projects/gitlab-org%2Fcli/packages/generic/glab/1%2E75%2E0/glab_1%2E75%2E0_linux_amd64%2Etar%2Egz"

[[tools.go]]
version = "1.25.3"
backend = "core:go"

[[tools.hcloud]]
version = "1.55.0"
backend = "asdf:hcloud"

[[tools.helm]]
version = "3.19.0"
backend = "aqua:helm/helm"

[[tools.hugo]]
version = "0.152.2"
backend = "aqua:gohugoio/hugo"

[tools.hugo.platforms.linux-x64]
checksum = "sha256:52b6eda6c00f4449d96f0cbfd7300e834c26179c4fe68e0510ef566db52dba04"
size = 18177513
url = "https://github.com/gohugoio/hugo/releases/download/v0.152.2/hugo_0.152.2_linux-amd64.tar.gz"

[[tools.hurl]]
version = "7.0.0"
backend = "ubi:Orange-OpenSource/hurl"

[[tools.hurlfmt]]
version = "7.0.0"
backend = "ubi:Orange-OpenSource/hurl"

[[tools.jb]]
version = "0.6.0"
backend = "asdf:jb"

[[tools.jless]]
version = "0.9.0"
backend = "aqua:PaulJuliusMartinez/jless"

[[tools.k9s]]
version = "0.50.16"
backend = "ubi:derailed/k9s"

[[tools.kind]]
version = "0.30.0"
backend = "aqua:kubernetes-sigs/kind"

[[tools.kompose]]
version = "1.37.0"
backend = "aqua:kubernetes/kompose"

[[tools.krew]]
version = "0.4.5"
backend = "aqua:kubernetes-sigs/krew"

[[tools.kube-capacity]]
version = "0.8.0"
backend = "aqua:robscott/kube-capacity"

[[tools.kube-score]]
version = "1.20.0"
backend = "aqua:zegl/kube-score"

[[tools.kubebuilder]]
version = "4.9.0"
backend = "aqua:kubernetes-sigs/kubebuilder"

[[tools.kubecolor]]
version = "0.5.3"
backend = "ubi:kubecolor/kubecolor"

[tools.kubecolor.platforms.linux-x64-kubecolor]
checksum = "blake3:59e757a2bc399b1f968beb725643f47e518f124dac6815de584df3a2940d35ec"

[[tools.kubeconform]]
version = "0.7.0"
backend = "aqua:yannh/kubeconform"

[[tools.kubectl]]
version = "1.34.1"
backend = "aqua:kubernetes/kubectl"

[[tools.kubent]]
version = "0.7.1"
backend = "asdf:kubent"

[[tools.kubeseal]]
version = "0.32.2"
backend = "asdf:kubeseal"

[[tools.kubesec]]
version = "2.14.2"
backend = "aqua:controlplaneio/kubesec"

[[tools.kubespy]]
version = "0.6.3"
backend = "aqua:pulumi/kubespy"

[[tools.kubie]]
version = "0.26.0"
backend = "aqua:sbstp/kubie"

[[tools.kustomize]]
version = "5.7.1"
backend = "aqua:kubernetes-sigs/kustomize"

[[tools.neovim]]
version = "0.11.1"
backend = "aqua:neovim/neovim"

[[tools.nova]]
version = "3.11.9"
backend = "aqua:FairwindsOps/nova"

[tools.nova.platforms.linux-x64]
checksum = "sha256:a1c272030e7dbc6dd7921b02faa1d90665ac52e26a4c350de1aec083190f8b95"
size = 10893886
url = "https://github.com/FairwindsOps/nova/releases/download/v3.11.9/nova_3.11.9_linux_amd64.tar.gz"

[[tools.pluto]]
version = "5.22.6"
backend = "aqua:FairwindsOps/pluto"

[tools.pluto.platforms.linux-x64]
checksum = "sha256:62a7f92aac9ede14e81d73a2a0c25fcd0fb05982efe2e6bb880d55e90907db10"
size = 14555004
url = "https://github.com/FairwindsOps/pluto/releases/download/v5.22.6/pluto_5.22.6_linux_amd64.tar.gz"

[[tools.pnpm]]
version = "10.20.0"
backend = "aqua:pnpm/pnpm"

[tools.pnpm.platforms.linux-x64]
checksum = "sha256:d25defac8655080add042decfa94b5c3b28cafbb048edd4de6dc2c41f9220418"
size = 65892053
url = "https://github.com/pnpm/pnpm/releases/download/v10.20.0/pnpm-linux-x64"

[[tools.popeye]]
version = "0.22.1"
backend = "aqua:derailed/popeye"

[[tools.python]]
version = "3.13.9"
backend = "core:python"

[[tools.rbac-lookup]]
version = "0.10.3"
backend = "aqua:FairwindsOps/rbac-lookup"

[[tools.regbot]]
version = "0.9.2"
backend = "ubi:regclient/regclient"

[[tools.regctl]]
version = "0.9.2"
backend = "ubi:regclient/regclient"

[[tools.regsync]]
version = "0.9.2"
backend = "ubi:regclient/regclient"

[[tools.ripgrep]]
version = "15.1.0"
backend = "ubi:BurntSushi/ripgrep"

[[tools.rust]]
version = "1.91.0"
backend = "core:rust"

[[tools.satty]]
version = "0.20.0"
backend = "ubi:gabm/Satty"

[[tools.scaleway-cli]]
version = "2.45.0"
backend = "aqua:scaleway/scaleway-cli"

[[tools.slsa-verifier]]
version = "2.7.1"
backend = "ubi:slsa-framework/slsa-verifier"

[[tools.starship]]
version = "1.23.0"
backend = "aqua:starship/starship"

[[tools.stern]]
version = "1.33.0"
backend = "aqua:stern/stern"

[[tools.talhelper]]
version = "3.0.38"
backend = "aqua:budimanjojo/talhelper"

[tools.talhelper.platforms.linux-x64]
checksum = "sha256:4e7403dbcf9ad572eefd916ead7f567e4429c6a1bb2d189cb299ca80125d1c2b"
size = 16406504
url = "https://github.com/budimanjojo/talhelper/releases/download/v3.0.38/talhelper_linux_amd64.tar.gz"

[[tools.talosctl]]
version = "1.11.3"
backend = "ubi:siderolabs/talos[exe=talosctl]"

[[tools.ubi]]
version = "0.8.4"
backend = "aqua:houseabsolute/ubi"

[tools.ubi.platforms.linux-x64]
checksum = "sha256:db53ab41ada9f877bc3313e9c06b44c8ea116805002c6e0f892e6ddb506caa26"
size = 4134887
url = "https://github.com/houseabsolute/ubi/releases/download/v0.8.4/ubi-Linux-musl-x86_64.tar.gz"

[[tools."ubi:BeryJu/korb"]]
version = "2.3.4"
backend = "ubi:BeryJu/korb[exe=korb]"

[[tools."ubi:JakWai01/lurk"]]
version = "0.3.10"
backend = "ubi:JakWai01/lurk[exe=lurk]"

[[tools."ubi:Wilfred/difftastic"]]
version = "0.65.0"
backend = "ubi:Wilfred/difftastic[exe=difft]"

[[tools."ubi:antonmedv/fx"]]
version = "39.1.0"
backend = "ubi:antonmedv/fx[exe=fx]"

[[tools."ubi:apple/pkl"]]
version = "0.29.1"
backend = "ubi:apple/pkl[exe=pkl]"

[[tools."ubi:aristocratos/btop"]]
version = "1.4.5"
backend = "ubi:aristocratos/btop"

[[tools."ubi:ayoisaiah/f2"]]
version = "2.2.1"
backend = "ubi:ayoisaiah/f2"

[[tools."ubi:c-bata/kube-prompt"]]
version = "1.0.11"
backend = "ubi:c-bata/kube-prompt[exe=kube-prompt]"

[[tools."ubi:cilium/hubble"]]
version = "1.18.3"
backend = "ubi:cilium/hubble[exe=hubble]"

[tools."ubi:cilium/hubble".platforms.linux-x64-hubble-hubble]
checksum = "blake3:bdc511e88e10429c47f0512d7a64ab39152053439090d89604a6a75e01333e6d"

[[tools."ubi:civo/cli"]]
version = "1.4.4"
backend = "ubi:civo/cli[exe=civo]"

[tools."ubi:civo/cli".platforms.linux-x64-civo-civo]
checksum = "blake3:c032995d0dfabad6e92a573865064bf14e71cf030edd7482fdd3aa494fbe639b"

[[tools."ubi:controlplaneio-fluxcd/flux-operator"]]
version = "0.33.0"
backend = "ubi:controlplaneio-fluxcd/flux-operator[exe=flux-operator]"

[tools."ubi:controlplaneio-fluxcd/flux-operator".platforms.linux-x64-flux-operator-flux-operator]
checksum = "blake3:e8096fb8123d88bb68421b93d33f353b280b4dc29905cc951a2a934570bc0837"

[[tools."ubi:direnv/direnv"]]
version = "2.37.1"
backend = "ubi:direnv/direnv[exe=direnv]"

[[tools."ubi:fullstorydev/grpcurl"]]
version = "1.9.3"
backend = "ubi:fullstorydev/grpcurl[exe=grpcurl]"

[[tools."ubi:google/go-containerregistry"]]
version = "0.20.6"
backend = "ubi:google/go-containerregistry[exe=crane]"

[[tools."ubi:google/osv-scanner"]]
version = "2.2.4"
backend = "ubi:google/osv-scanner"

[tools."ubi:google/osv-scanner".platforms.linux-x64-osv-scanner]
checksum = "blake3:f4a0c0694a4c11f45e557ec9070d7e9242f7fef3285377eca8b75aecc5a7ab8c"

[[tools."ubi:grampelberg/kty"]]
version = "0.3.1"
backend = "ubi:grampelberg/kty"

[[tools."ubi:homeport/dyff"]]
version = "1.10.2"
backend = "ubi:homeport/dyff[exe=dyff]"

[[tools."ubi:jonas-grgt/ktea"]]
version = "0.6.1"
backend = "ubi:jonas-grgt/ktea"

[tools."ubi:jonas-grgt/ktea".platforms.linux-x64-ktea]
checksum = "blake3:89b5fc245ff53239fcc0381ca1e004ab96dcb5d40b0f2b32bb2413f031b70fd4"

[[tools."ubi:josephburnett/jd"]]
version = "2.3.0"
backend = "ubi:josephburnett/jd[exe=jd]"

[[tools."ubi:ksdme/ut"]]
version = "0.5.0"
backend = "ubi:ksdme/ut"

[tools."ubi:ksdme/ut".platforms.linux-x64-ut]
checksum = "blake3:2ae11444915f7af9223420d09e55bb6d0ffa2021183a8bda351265b5ccbd1397"

[[tools."ubi:kubeshark/kubeshark"]]
version = "52.9.0"
backend = "ubi:kubeshark/kubeshark[exe=kubeshark]"

[[tools."ubi:kubewall/kubewall"]]
version = "0.0.14"
backend = "ubi:kubewall/kubewall"

[[tools."ubi:macropower/kat"]]
version = "0.25.1"
backend = "ubi:macropower/kat"

[[tools."ubi:mirceanton/talswitcher"]]
version = "2.2.2"
backend = "ubi:mirceanton/talswitcher[exe=talswitcher]"

[[tools."ubi:mongodb/kingfisher"]]
version = "1.61.0"
backend = "ubi:mongodb/kingfisher"

[tools."ubi:mongodb/kingfisher".platforms.linux-x64-kingfisher]
checksum = "blake3:5246c3424d475627547fd175bdd44821e8224ad2ccc9859e0d0817f7910ad44b"

[[tools."ubi:nats-io/nats-server"]]
version = "2.12.1"
backend = "ubi:nats-io/nats-server[exe=nats-server]"

[[tools."ubi:nats-io/natscli"]]
version = "0.3.0"
backend = "ubi:nats-io/natscli[exe=nats]"

[[tools."ubi:noahgorstein/jqp"]]
version = "0.8.0"
backend = "ubi:noahgorstein/jqp[exe=jqp]"

[[tools."ubi:oras-project/oras"]]
version = "1.3.0"
backend = "ubi:oras-project/oras[exe=oras]"

[[tools."ubi:sharkdp/bat"]]
version = "0.26.0"
backend = "ubi:sharkdp/bat"

[[tools."ubi:sharkdp/fd"]]
version = "10.3.0"
backend = "ubi:sharkdp/fd"

[[tools."ubi:sinclairtarget/git-who"]]
version = "1.2"
backend = "ubi:sinclairtarget/git-who"

[[tools."ubi:sxyazi/yazi"]]
version = "25.5.31"
backend = "ubi:sxyazi/yazi[exe=yazi]"

[[tools."ubi:updatecli/updatecli"]]
version = "0.109.0"
backend = "ubi:updatecli/updatecli[exe=updatecli]"

[[tools."ubi:versity/versitygw"]]
version = "1.0.18"
backend = "ubi:versity/versitygw[exe=versitygw]"

[[tools."ubi:wait4x/wait4x"]]
version = "3.6.0"
backend = "ubi:wait4x/wait4x"

[[tools."ubi:ynqa/jnv"]]
version = "0.6.1"
backend = "ubi:ynqa/jnv[exe=jnv]"

[[tools."ubi:yorukot/superfile"]]
version = "1.4.0"
backend = "ubi:yorukot/superfile[exe=spf]"

[[tools.usage]]
version = "2.6.0"
backend = "aqua:jdx/usage"

[tools.usage.platforms.linux-x64]
checksum = "sha256:a776b5999b3d190a26bf9e2e3ceaefc2601289f522367f31d6e264657a6b6249"
size = 2801366
url = "https://github.com/jdx/usage/releases/download/v2.6.0/usage-x86_64-unknown-linux-musl.tar.gz"

[[tools.uv]]
version = "0.9.7"
backend = "aqua:astral-sh/uv"

[tools.uv.platforms.linux-x64]
checksum = "sha256:611d1e4d340c6b78519891d37d512c184f58b5424aebecdbd983585ff659ff16"
size = 21645895
url = "https://github.com/astral-sh/uv/releases/download/0.9.7/uv-x86_64-unknown-linux-musl.tar.gz"

[[tools.vcluster]]
version = "0.30.0"
backend = "aqua:loft-sh/vcluster"

[tools.vcluster.platforms.linux-x64]
checksum = "sha256:7f9ff9b92d615872b049486da6b0055a5c6e980764dfc463c69ab5821ef475c0"
size = 95604920
url = "https://github.com/loft-sh/vcluster/releases/download/v0.30.0/vcluster-linux-amd64"

[[tools.velero]]
version = "1.17.0"
backend = "aqua:vmware-tanzu/velero"

[[tools.yamlfmt]]
version = "0.20.0"
backend = "aqua:google/yamlfmt"

[[tools.yq]]
version = "4.48.1"
backend = "ubi:mikefarah/yq"
