# @generated - this file is auto-generated by `mise lock` https://mise.en.dev/dev-tools/mise-lock.html

[[tools.age]]
version = "1.3.1"
backend = "aqua:FiloSottile/age"

[[tools.argocd]]
version = "3.3.9"
backend = "aqua:argoproj/argo-cd"

[[tools.awscli]]
version = "2.34.43"
backend = "aqua:aws/aws-cli"

[tools.awscli."platforms.linux-arm64"]
url = "https://awscli.amazonaws.com/awscli-exe-linux-aarch64-2.34.43.zip"

[tools.awscli."platforms.linux-arm64-musl"]
url = "https://awscli.amazonaws.com/awscli-exe-linux-aarch64-2.34.43.zip"

[tools.awscli."platforms.linux-x64"]
checksum = "blake3:5a3e34aedd2b918d316cf69e1d7c53154ace731d27a27df98b77e1ea94e6297c"
url = "https://awscli.amazonaws.com/awscli-exe-linux-x86_64-2.34.43.zip"

[tools.awscli."platforms.linux-x64-musl"]
url = "https://awscli.amazonaws.com/awscli-exe-linux-x86_64-2.34.43.zip"

[tools.awscli."platforms.macos-arm64"]
url = "https://awscli.amazonaws.com/AWSCLIV2-2.34.43.pkg"

[tools.awscli."platforms.macos-x64"]
url = "https://awscli.amazonaws.com/AWSCLIV2-2.34.43.pkg"

[[tools.azure-cli]]
version = "2.86.0"
backend = "asdf:azure-cli"

[[tools.bat]]
version = "0.26.1"
backend = "aqua:sharkdp/bat"

[[tools.bitwarden]]
version = "2026.4.1"
backend = "aqua:bitwarden/clients"

[[tools.bun]]
version = "1.3.13"
backend = "core:bun"

[[tools.cilium-cli]]
version = "0.19.2"
backend = "aqua:cilium/cilium-cli"

[tools.cilium-cli.options]
"vars.exe" = "cilium"

[[tools.cilium-hubble]]
version = "1.19.3"
backend = "github:cilium/hubble"

[[tools.civo]]
version = "1.5.1"
backend = "github:civo/cli"

[[tools.clusterctl]]
version = "1.13.1"
backend = "aqua:kubernetes-sigs/cluster-api"

[[tools.cmctl]]
version = "2.5.0"
backend = "aqua:cert-manager/cmctl"

[[tools.cosign]]
version = "3.0.6"
backend = "aqua:sigstore/cosign"

[[tools.difftastic]]
version = "0.69.0"
backend = "aqua:Wilfred/difftastic"

[tools.difftastic.options]
"vars.exe" = "difft"

[[tools.direnv]]
version = "2.37.1"
backend = "aqua:direnv/direnv"

[tools.direnv.options]
"vars.exe" = "direnv"

[[tools.docker-compose]]
version = "2.30.3"
backend = "aqua:docker/compose"

[tools.docker-compose.options]
"vars.rename_exe" = "docker-compose"

[[tools.doctl]]
version = "1.155.0"
backend = "aqua:digitalocean/doctl"

[[tools.dyff]]
version = "1.12.0"
backend = "aqua:homeport/dyff"

[tools.dyff.options]
"vars.exe" = "dyff"

[[tools.eksctl]]
version = "0.226.0"
backend = "aqua:eksctl-io/eksctl"

[[tools.fd]]
version = "10.4.2"
backend = "aqua:sharkdp/fd"

[[tools.flux-operator]]
version = "0.48.0"
backend = "github:controlplaneio-fluxcd/flux-operator"

[[tools.flux2]]
version = "2.8.6"
backend = "aqua:fluxcd/flux2"

[[tools.flux9s]]
version = "0.9.0"
backend = "github:dgunzy/flux9s"

[[tools.forward-email]]
version = "v0.2.0-alpha.2"
backend = "github:ginsys/forward-email"

[[tools.fx]]
version = "39.2.0"
backend = "aqua:antonmedv/fx"

[tools.fx.options]
"vars.exe" = "fx"

[[tools.garage-webui]]
version = "1.1.0"
backend = "github:khairul169/garage-webui"

[[tools.gcloud]]
version = "567.0.0"
backend = "asdf:gcloud"

[[tools.git-who]]
version = "1.3"
backend = "github:sinclairtarget/git-who"

[[tools.github-cli]]
version = "2.92.0"
backend = "aqua:cli/cli"

[[tools."github:MiniCodeMonkey/chief"]]
version = "0.8.0"
backend = "github:MiniCodeMonkey/chief"

[[tools."github:dgunzy/flux9s"]]
version = "0.9.0"
backend = "github:dgunzy/flux9s"

[[tools."github:fioletoven/b4n"]]
version = "0.4.8"
backend = "github:fioletoven/b4n"

[tools."github:fioletoven/b4n"."platforms.linux-x64"]
checksum = "sha256:03d575e79cb0ce9233d3e3f674723142fe3abda4be452ce3789748a1bc3710dd"
url = "https://github.com/fioletoven/b4n/releases/download/v0.4.8/b4n-0.4.8-x86_64-linux.tar.gz"
url_api = "https://api.github.com/repos/fioletoven/b4n/releases/assets/411947453"

[tools."github:fioletoven/b4n"."platforms.linux-x64-musl"]
checksum = "sha256:03d575e79cb0ce9233d3e3f674723142fe3abda4be452ce3789748a1bc3710dd"
url = "https://github.com/fioletoven/b4n/releases/download/v0.4.8/b4n-0.4.8-x86_64-linux.tar.gz"
url_api = "https://api.github.com/repos/fioletoven/b4n/releases/assets/411947453"

[tools."github:fioletoven/b4n"."platforms.windows-x64"]
checksum = "sha256:d8bcd97059db77a9fc2a8c6841cefeba07634d3608990ea7c3c00d3304d214e2"
url = "https://github.com/fioletoven/b4n/releases/download/v0.4.8/b4n-0.4.8-x86_64-windows.zip"
url_api = "https://api.github.com/repos/fioletoven/b4n/releases/assets/411949128"

[[tools."github:gruntwork-io/git-xargs"]]
version = "0.1.16"
backend = "github:gruntwork-io/git-xargs"

[[tools."github:jedi4ever/addt"]]
version = "0.0.9"
backend = "github:jedi4ever/addt"

[[tools."github:k-krew/hanoi-cli"]]
version = "1.0.2"
backend = "github:k-krew/hanoi-cli"

[[tools."github:lynxbase/lynxdb"]]
version = "0.1.6"
backend = "github:lynxbase/lynxdb"

[tools."github:lynxbase/lynxdb"."platforms.linux-arm64"]
checksum = "sha256:6784f35cd7eafc3849f5fd347efa6ea48d96198bc2be750d69d8e12b804445bf"
url = "https://github.com/lynxbase/lynxdb/releases/download/v0.1.6/lynxdb-v0.1.6-linux-arm64.tar.gz"
url_api = "https://api.github.com/repos/lynxbase/lynxdb/releases/assets/411681167"

[tools."github:lynxbase/lynxdb"."platforms.linux-arm64-musl"]
checksum = "sha256:2984ac46a5fe2cc758843e8a15d018c335a551b4be683f1f72c4a26ff0ba28cf"
url = "https://github.com/lynxbase/lynxdb/releases/download/v0.1.6/lynxdb-v0.1.6-linux-arm64-musl.tar.gz"
url_api = "https://api.github.com/repos/lynxbase/lynxdb/releases/assets/411681190"

[tools."github:lynxbase/lynxdb"."platforms.linux-x64"]
checksum = "sha256:8b4f5626d4cdc859a3e7cc412a68a6d23a061b46f7236faabbf3f98dd8dc2cfc"
url = "https://github.com/lynxbase/lynxdb/releases/download/v0.1.6/lynxdb-v0.1.6-linux-amd64.tar.gz"
url_api = "https://api.github.com/repos/lynxbase/lynxdb/releases/assets/411681171"

[tools."github:lynxbase/lynxdb"."platforms.linux-x64-musl"]
checksum = "sha256:ed3dc1afd59153359b2d9a658ca7be2b2c926cde00cccd9776d8983f583d1bf2"
url = "https://github.com/lynxbase/lynxdb/releases/download/v0.1.6/lynxdb-v0.1.6-linux-amd64-musl.tar.gz"
url_api = "https://api.github.com/repos/lynxbase/lynxdb/releases/assets/411681189"

[tools."github:lynxbase/lynxdb"."platforms.macos-arm64"]
checksum = "sha256:d42bb65a3eabd236e428e7adc905a9fba8e0e96e7e5c3f6fc30bbbc8a74ecb98"
url = "https://github.com/lynxbase/lynxdb/releases/download/v0.1.6/lynxdb-v0.1.6-darwin-arm64.tar.gz"
url_api = "https://api.github.com/repos/lynxbase/lynxdb/releases/assets/411681169"

[tools."github:lynxbase/lynxdb"."platforms.macos-x64"]
checksum = "sha256:f62d4a8b0dca68b81c67d237b1fe6723792a847f55cc072bb8a4cf05b137c533"
url = "https://github.com/lynxbase/lynxdb/releases/download/v0.1.6/lynxdb-v0.1.6-darwin-amd64.tar.gz"
url_api = "https://api.github.com/repos/lynxbase/lynxdb/releases/assets/411681170"

[tools."github:lynxbase/lynxdb"."platforms.windows-x64"]
checksum = "sha256:fbeabb8d7f663152b05c35fa4bc9c6050b7965457d0cf5db5244dc9e1374b588"
url = "https://github.com/lynxbase/lynxdb/releases/download/v0.1.6/lynxdb-v0.1.6-windows-amd64.zip"
url_api = "https://api.github.com/repos/lynxbase/lynxdb/releases/assets/411681188"

[[tools."github:systalyze/utilyze"]]
version = "0.1.3"
backend = "github:systalyze/utilyze"

[tools."github:systalyze/utilyze"."platforms.linux-arm64"]
checksum = "sha256:45b686c3d93111856fabd74478874ea7367ab91c39d536ad63ceb16b4371fe25"
url = "https://github.com/systalyze/utilyze/releases/download/v0.1.3/libutlz_sampler-0.1.3-linux-arm64.tar.gz"
url_api = "https://api.github.com/repos/systalyze/utilyze/releases/assets/406569837"

[tools."github:systalyze/utilyze"."platforms.linux-arm64-musl"]
checksum = "sha256:45b686c3d93111856fabd74478874ea7367ab91c39d536ad63ceb16b4371fe25"
url = "https://github.com/systalyze/utilyze/releases/download/v0.1.3/libutlz_sampler-0.1.3-linux-arm64.tar.gz"
url_api = "https://api.github.com/repos/systalyze/utilyze/releases/assets/406569837"

[tools."github:systalyze/utilyze"."platforms.linux-x64"]
checksum = "sha256:b56df876b13b73dad28ead5fb8756c11a284dc3f03878e2d4690de25e6da68ad"
url = "https://github.com/systalyze/utilyze/releases/download/v0.1.3/libutlz_sampler-0.1.3-linux-amd64.tar.gz"
url_api = "https://api.github.com/repos/systalyze/utilyze/releases/assets/406569836"

[tools."github:systalyze/utilyze"."platforms.linux-x64-musl"]
checksum = "sha256:b56df876b13b73dad28ead5fb8756c11a284dc3f03878e2d4690de25e6da68ad"
url = "https://github.com/systalyze/utilyze/releases/download/v0.1.3/libutlz_sampler-0.1.3-linux-amd64.tar.gz"
url_api = "https://api.github.com/repos/systalyze/utilyze/releases/assets/406569836"

[tools."github:systalyze/utilyze"."platforms.macos-arm64"]
checksum = "sha256:feb3eb5558bf43033a25b63eedcb3ada12f820045a8d336966f029eba9c8da9c"
url = "https://github.com/systalyze/utilyze/releases/download/v0.1.3/utlz-darwin-arm64"
url_api = "https://api.github.com/repos/systalyze/utilyze/releases/assets/406569841"

[tools."github:systalyze/utilyze"."platforms.macos-x64"]
checksum = "sha256:5ad367fbad32c28efbe1c1db628da21ced02590da0df5ab8a9079bf3ab7f6791"
url = "https://github.com/systalyze/utilyze/releases/download/v0.1.3/utlz-darwin-amd64"
url_api = "https://api.github.com/repos/systalyze/utilyze/releases/assets/406569838"

[tools."github:systalyze/utilyze"."platforms.windows-x64"]
checksum = "sha256:1bdeae1e81ebfc26923dc6af65d405a8cfc22afe00b799c83024f0774a016644"
url = "https://github.com/systalyze/utilyze/releases/download/v0.1.3/utlz-windows-amd64.exe"
url_api = "https://api.github.com/repos/systalyze/utilyze/releases/assets/406569842"

[[tools."github:traiproject/yaml-schema-router"]]
version = "0.2.0"
backend = "github:traiproject/yaml-schema-router"

[[tools."github:vicanso/zedis"]]
version = "0.3.4"
backend = "github:vicanso/zedis"

[[tools."github:vmware-tanzu/tanzu-cli"]]
version = "1.5.4"
backend = "github:vmware-tanzu/tanzu-cli"

[[tools."github:x-motemen/ghq"]]
version = "1.10.1"
backend = "github:x-motemen/ghq"

[[tools."github:zitadel/zitadel"]]
version = "4.15.0"
backend = "github:zitadel/zitadel"

[tools."github:zitadel/zitadel"."platforms.linux-arm64"]
checksum = "sha256:25b7fa9360fe7b9654c19a990319e20b5e5cea4c15dfcf18ed0128f7474609ff"
url = "https://github.com/zitadel/zitadel/releases/download/v4.15.0/zitadel-linux-arm64.tar.gz"
url_api = "https://api.github.com/repos/zitadel/zitadel/releases/assets/411569747"

[tools."github:zitadel/zitadel"."platforms.linux-arm64-musl"]
checksum = "sha256:25b7fa9360fe7b9654c19a990319e20b5e5cea4c15dfcf18ed0128f7474609ff"
url = "https://github.com/zitadel/zitadel/releases/download/v4.15.0/zitadel-linux-arm64.tar.gz"
url_api = "https://api.github.com/repos/zitadel/zitadel/releases/assets/411569747"

[tools."github:zitadel/zitadel"."platforms.linux-x64"]
checksum = "sha256:2fe837630c7ad56d8dbfb55c546fe2c7fc3b1786a2b582789ec8cb03adf9444c"
url = "https://github.com/zitadel/zitadel/releases/download/v4.15.0/zitadel-linux-amd64.tar.gz"
url_api = "https://api.github.com/repos/zitadel/zitadel/releases/assets/411569774"

[tools."github:zitadel/zitadel"."platforms.linux-x64-musl"]
checksum = "sha256:2fe837630c7ad56d8dbfb55c546fe2c7fc3b1786a2b582789ec8cb03adf9444c"
url = "https://github.com/zitadel/zitadel/releases/download/v4.15.0/zitadel-linux-amd64.tar.gz"
url_api = "https://api.github.com/repos/zitadel/zitadel/releases/assets/411569774"

[tools."github:zitadel/zitadel"."platforms.macos-arm64"]
checksum = "sha256:4f88d3b7d3baff79120bf7ea0c2ccb3bf336a0197413d4a863dd2f35e39b00a3"
url = "https://github.com/zitadel/zitadel/releases/download/v4.15.0/zitadel-darwin-arm64.tar.gz"
url_api = "https://api.github.com/repos/zitadel/zitadel/releases/assets/411569750"

[tools."github:zitadel/zitadel"."platforms.macos-x64"]
checksum = "sha256:bd544b7473d0a2a2d766ade0a4f62bd47fa57bdadbc8522890b86ff684761af0"
url = "https://github.com/zitadel/zitadel/releases/download/v4.15.0/zitadel-darwin-amd64.tar.gz"
url_api = "https://api.github.com/repos/zitadel/zitadel/releases/assets/411569732"

[tools."github:zitadel/zitadel"."platforms.windows-x64"]
checksum = "sha256:92d873be63a75e3663d9b16b90cc442975910e23809662a7ff3f89c4056fce14"
url = "https://github.com/zitadel/zitadel/releases/download/v4.15.0/zitadel-windows-amd64.tar.gz"
url_api = "https://api.github.com/repos/zitadel/zitadel/releases/assets/411569743"

[[tools.gitlab-cli]]
version = "1.93.0"
backend = "gitlab:gitlab-org/cli"

[[tools.go]]
version = "1.26.2"
backend = "core:go"

[[tools.go-containerregistry]]
version = "0.21.5"
backend = "aqua:google/go-containerregistry"

[tools.go-containerregistry.options]
"vars.exe" = "crane"

[[tools."go:github.com/apricote/hcloud-upload-image"]]
version = "1.3.0"
backend = "go:github.com/apricote/hcloud-upload-image"

[[tools."go:github.com/fatih/gomodifytags"]]
version = "1.17.0"
backend = "go:github.com/fatih/gomodifytags"

[[tools."go:github.com/go-delve/delve/cmd/dlv"]]
version = "1.26.3"
backend = "go:github.com/go-delve/delve/cmd/dlv"

[[tools."go:github.com/google/gops"]]
version = "0.3.29"
backend = "go:github.com/google/gops"

[[tools."go:github.com/josharian/impl"]]
version = "1.5.0"
backend = "go:github.com/josharian/impl"

[[tools."go:github.com/kisielk/errcheck"]]
version = "1.10.0"
backend = "go:github.com/kisielk/errcheck"

[[tools."go:github.com/mgechev/revive"]]
version = "1.15.0"
backend = "go:github.com/mgechev/revive"

[[tools."go:github.com/nats-io/nkeys/nk"]]
version = "0.4.15"
backend = "go:github.com/nats-io/nkeys/nk"

[[tools."go:golang.org/x/tools/cmd/goimports"]]
version = "0.44.0"
backend = "go:golang.org/x/tools/cmd/goimports"

[[tools."go:golang.org/x/tools/cmd/gonew"]]
version = "0.44.0"
backend = "go:golang.org/x/tools/cmd/gonew"

[[tools."go:golang.org/x/tools/gopls"]]
version = "0.21.1"
backend = "go:golang.org/x/tools/gopls"

[[tools."go:honnef.co/go/tools/cmd/staticcheck"]]
version = "0.7.0"
backend = "go:honnef.co/go/tools/cmd/staticcheck"

[[tools.grpcurl]]
version = "1.9.3"
backend = "aqua:fullstorydev/grpcurl"

[tools.grpcurl.options]
"vars.exe" = "grpcurl"

[[tools.hcloud]]
version = "1.64.1"
backend = "asdf:hcloud"

[[tools.helm]]
version = "4.1.4"
backend = "aqua:helm/helm"

[[tools.hubble]]
version = "1.19.3"
backend = "github:cilium/hubble"

[[tools.hugo]]
version = "0.161.1"
backend = "aqua:gohugoio/hugo"

[[tools.hurl]]
version = "8.0.1"
backend = "aqua:Orange-OpenSource/hurl"

[tools.hurl.options]
"vars.exe" = "hurl"

[[tools.hurlfmt]]
version = "8.0.1"
backend = "github:Orange-OpenSource/hurl"

[[tools.jb]]
version = "0.6.0"
backend = "aqua:jsonnet-bundler/jsonnet-bundler"

[[tools.jd]]
version = "2.5.0"
backend = "aqua:josephburnett/jd"

[tools.jd.options]
"vars.exe" = "jd"

[[tools.jless]]
version = "0.9.0"
backend = "aqua:PaulJuliusMartinez/jless"

[[tools.jnv]]
version = "0.7.1"
backend = "aqua:ynqa/jnv"

[tools.jnv.options]
"vars.exe" = "jnv"

[[tools.jqp]]
version = "0.8.0"
backend = "aqua:noahgorstein/jqp"

[tools.jqp.options]
"vars.exe" = "jqp"

[[tools.k9s]]
version = "0.50.18"
backend = "aqua:derailed/k9s"

[[tools.kind]]
version = "0.31.0"
backend = "aqua:kubernetes-sigs/kind"

[[tools.kompose]]
version = "1.38.0"
backend = "aqua:kubernetes/kompose"

[[tools.korb]]
version = "2.3.4"
backend = "github:BeryJu/korb"

[[tools.krew]]
version = "0.5.0"
backend = "aqua:kubernetes-sigs/krew"

[[tools.kube-capacity]]
version = "0.8.0"
backend = "aqua:robscott/kube-capacity"

[[tools.kube-score]]
version = "1.20.0"
backend = "aqua:zegl/kube-score"

[[tools.kubebuilder]]
version = "4.14.0"
backend = "aqua:kubernetes-sigs/kubebuilder"

[[tools.kubecolor]]
version = "0.6.0"
backend = "aqua:kubecolor/kubecolor"

[[tools.kubeconform]]
version = "0.7.0"
backend = "aqua:yannh/kubeconform"

[[tools.kubectl]]
version = "1.36.0"
backend = "aqua:kubernetes/kubernetes/kubectl"

[[tools.kubent]]
version = "0.7.1"
backend = "asdf:kubent"

[[tools.kubeseal]]
version = "0.36.6"
backend = "asdf:kubeseal"

[[tools.kubesec]]
version = "2.14.2"
backend = "aqua:controlplaneio/kubesec"

[[tools.kubespy]]
version = "0.6.3"
backend = "aqua:pulumi/kubespy"

[[tools.kubewall]]
version = "0.0.18"
backend = "github:kubewall/kubewall"

[[tools.kubie]]
version = "0.27.0"
backend = "aqua:sbstp/kubie"

[[tools.kustomize]]
version = "5.8.1"
backend = "aqua:kubernetes-sigs/kustomize"

[[tools.nats-cli]]
version = "0.4.0"
backend = "github:nats-io/natscli"

[[tools.nats-server]]
version = "2.14.0"
backend = "github:nats-io/nats-server"

[[tools.nats-top]]
version = "0.6.4"
backend = "github:nats-io/nats-top"

[[tools.node]]
version = "26.0.0"
backend = "core:node"

[tools.node."platforms.linux-arm64"]
checksum = "sha256:c802664b5770102999efacf5717854f7652797db522e8cc5727a6209afea824d"
url = "https://nodejs.org/dist/v26.0.0/node-v26.0.0-linux-arm64.tar.gz"

[tools.node."platforms.linux-arm64-musl"]
checksum = "sha256:8c374da2f289493f346ed7d68143967e4e536a38cf7e5aa7d3933146253193b1"
url = "https://unofficial-builds.nodejs.org/download/release/v26.0.0/node-v26.0.0-linux-arm64-musl.tar.gz"

[tools.node."platforms.linux-x64"]
checksum = "sha256:42cee4d7ec80b7f7c89281cf00726b14840ac674462404dd4fd36f03964dc0af"
url = "https://nodejs.org/dist/v26.0.0/node-v26.0.0-linux-x64.tar.gz"

[tools.node."platforms.linux-x64-musl"]
checksum = "sha256:333c376e342e5e5c0505f19eaab4990cc03f47a15dd5628c30fe64c39048b995"
url = "https://unofficial-builds.nodejs.org/download/release/v26.0.0/node-v26.0.0-linux-x64-musl.tar.gz"

[tools.node."platforms.macos-arm64"]
checksum = "sha256:dcee8564c1a9342f9594dd5e52d533894dfef6b85aa771bbbb870baa3c403235"
url = "https://nodejs.org/dist/v26.0.0/node-v26.0.0-darwin-arm64.tar.gz"

[tools.node."platforms.macos-x64"]
checksum = "sha256:f488ab543fe202d8a2d56e661682117d3c56903a2bf64f2ec1ff7bd421cfd875"
url = "https://nodejs.org/dist/v26.0.0/node-v26.0.0-darwin-x64.tar.gz"

[tools.node."platforms.windows-x64"]
checksum = "sha256:d0418640a36096e00bddb57761aa0b1b98f91904ec4ed2b9dd75cbad723becd7"
url = "https://nodejs.org/dist/v26.0.0/node-v26.0.0-win-x64.zip"

[[tools.nova]]
version = "3.12.0"
backend = "aqua:FairwindsOps/nova"

[[tools.npm]]
version = "11.13.0"
backend = "npm:npm"

[[tools."npm:pnpm"]]
version = "10.33.3"
backend = "npm:pnpm"

[[tools.nsc]]
version = "2.12.2"
backend = "github:nats-io/nsc"

[[tools.oras]]
version = "1.3.2"
backend = "aqua:oras-project/oras"

[tools.oras.options]
"vars.exe" = "oras"

[[tools.osv-scanner]]
version = "2.3.6"
backend = "aqua:google/osv-scanner"

[[tools.pkl]]
version = "0.31.1"
backend = "aqua:apple/pkl"

[tools.pkl.options]
"vars.exe" = "pkl"

[[tools.pluto]]
version = "5.24.0"
backend = "aqua:FairwindsOps/pluto"

[[tools.popeye]]
version = "0.22.1"
backend = "aqua:derailed/popeye"

[[tools.rbac-lookup]]
version = "0.10.3"
backend = "aqua:FairwindsOps/rbac-lookup"

[[tools.regbot]]
version = "0.11.3"
backend = "github:regclient/regclient"

[[tools.regctl]]
version = "0.11.3"
backend = "aqua:regclient/regclient/regctl"

[[tools.regsync]]
version = "0.11.3"
backend = "aqua:regclient/regclient/regsync"

[[tools.ripgrep]]
version = "15.1.0"
backend = "aqua:BurntSushi/ripgrep"

[tools.ripgrep.options]
"vars.exe" = "rg"

[[tools.rust]]
version = "1.95.0"
backend = "core:rust"

[[tools.satty]]
version = "0.20.1"
backend = "github:gabm/Satty"

[[tools.scaleway-cli]]
version = "2.55.0"
backend = "aqua:scaleway/scaleway-cli"

[[tools.slsa-verifier]]
version = "2.7.1"
backend = "aqua:slsa-framework/slsa-verifier"

[[tools.snitch]]
version = "0.2.2"
backend = "github:karol-broda/snitch"

[[tools.sops]]
version = "3.12.2"
backend = "aqua:getsops/sops"

[[tools.starship]]
version = "1.25.1"
backend = "aqua:starship/starship"

[[tools.stern]]
version = "1.34.0"
backend = "aqua:stern/stern"

[[tools.superfile]]
version = "1.5.0"
backend = "aqua:yorukot/superfile"

[tools.superfile.options]
"vars.exe" = "spf"

[[tools.talhelper]]
version = "3.1.9"
backend = "aqua:budimanjojo/talhelper"

[[tools.talosctl]]
version = "1.13.0"
backend = "aqua:siderolabs/talos"

[tools.talosctl.options]
"vars.exe" = "talosctl"

[[tools.updatecli]]
version = "0.116.3"
backend = "aqua:updatecli/updatecli"

[tools.updatecli.options]
"vars.exe" = "updatecli"

[[tools.usage]]
version = "3.3.0"
backend = "aqua:jdx/usage"

[[tools.uv]]
version = "0.11.9"
backend = "aqua:astral-sh/uv"

[[tools.vcluster]]
version = "0.34.0"
backend = "aqua:loft-sh/vcluster"

[[tools.velero]]
version = "1.18.0"
backend = "aqua:vmware-tanzu/velero"

[[tools.vfox]]
version = "1.0.11"
backend = "aqua:version-fox/vfox"

[[tools."vfox:mise-plugins/vfox-neovim"]]
version = "0.12.2"
backend = "vfox:mise-plugins/vfox-neovim"

[[tools.yamlfmt]]
version = "0.21.0"
backend = "aqua:google/yamlfmt"

[[tools.yazi]]
version = "26.5.6"
backend = "aqua:sxyazi/yazi"

[tools.yazi.options]
"vars.exe" = "yazi"

[tools.yazi."platforms.linux-arm64"]
checksum = "sha256:dff4a6774069bdde616c3cd145275b462a5887229cd9bf6341e78063da37e84f"
url = "https://github.com/sxyazi/yazi/releases/download/v26.5.6/yazi-aarch64-unknown-linux-musl.zip"

[tools.yazi."platforms.linux-arm64-musl"]
checksum = "sha256:dff4a6774069bdde616c3cd145275b462a5887229cd9bf6341e78063da37e84f"
url = "https://github.com/sxyazi/yazi/releases/download/v26.5.6/yazi-aarch64-unknown-linux-musl.zip"

[tools.yazi."platforms.linux-x64"]
checksum = "sha256:1031a02560d053301537195a6661d227c15cb4ce5c30481050b31e2b88681bff"
url = "https://github.com/sxyazi/yazi/releases/download/v26.5.6/yazi-x86_64-unknown-linux-musl.zip"

[tools.yazi."platforms.linux-x64-musl"]
checksum = "sha256:1031a02560d053301537195a6661d227c15cb4ce5c30481050b31e2b88681bff"
url = "https://github.com/sxyazi/yazi/releases/download/v26.5.6/yazi-x86_64-unknown-linux-musl.zip"

[tools.yazi."platforms.macos-arm64"]
checksum = "sha256:7abd71725e2fe27bed036becbf6ce79fa17964eb68491d34190011c94b8c7ca8"
url = "https://github.com/sxyazi/yazi/releases/download/v26.5.6/yazi-aarch64-apple-darwin.zip"

[tools.yazi."platforms.macos-x64"]
checksum = "sha256:6846066f992c1688d8ec77431a3ab53f5ef268019fcef86e5649b8c27010868d"
url = "https://github.com/sxyazi/yazi/releases/download/v26.5.6/yazi-x86_64-apple-darwin.zip"

[tools.yazi."platforms.windows-x64"]
checksum = "sha256:6c6c52a4b2648e179f917bdaa7c57e793d18561b380a8bfa025f10cd1b9b2ad1"
url = "https://github.com/sxyazi/yazi/releases/download/v26.5.6/yazi-x86_64-pc-windows-msvc.zip"

[[tools.yq]]
version = "4.53.2"
backend = "aqua:mikefarah/yq"
