# @generated - this file is auto-generated by `mise lock` https://mise.jdx.dev/dev-tools/mise-lock.html

[[tools.age]]
version = "1.3.1"
backend = "aqua:FiloSottile/age"

[[tools.argocd]]
version = "3.3.3"
backend = "aqua:argoproj/argo-cd"

[[tools.awscli]]
version = "2.34.8"
backend = "aqua:aws/aws-cli"

[[tools.azure-cli]]
version = "2.84.0"
backend = "asdf:azure-cli"

[[tools.bat]]
version = "0.26.1"
backend = "aqua:sharkdp/bat"

[[tools.bitwarden]]
version = "2026.2.0"
backend = "aqua:bitwarden/clients"

[[tools.btop]]
version = "1.4.6"
backend = "aqua:aristocratos/btop"

[[tools.bun]]
version = "1.3.10"
backend = "core:bun"

[[tools.cilium-cli]]
version = "0.19.2"
backend = "aqua:cilium/cilium-cli"

[[tools.cilium-hubble]]
version = "1.18.6"
backend = "github:cilium/hubble"

[[tools.civo]]
version = "1.5.0"
backend = "github:civo/cli"

[[tools.clusterctl]]
version = "1.12.3"
backend = "aqua:kubernetes-sigs/cluster-api"

[[tools.cmctl]]
version = "2.4.0"
backend = "aqua:cert-manager/cmctl"

[[tools.cosign]]
version = "3.0.5"
backend = "aqua:sigstore/cosign"

[[tools.difftastic]]
version = "0.67.0"
backend = "aqua:Wilfred/difftastic"

[[tools.direnv]]
version = "2.37.1"
backend = "aqua:direnv/direnv"

[[tools.docker-compose]]
version = "2.30.3"
backend = "aqua:docker/compose"

[[tools.doctl]]
version = "1.150.0"
backend = "aqua:digitalocean/doctl"

[[tools.dyff]]
version = "1.11.2"
backend = "aqua:homeport/dyff"

[[tools.eksctl]]
version = "0.224.0"
backend = "aqua:eksctl-io/eksctl"

[[tools.fd]]
version = "10.4.2"
backend = "aqua:sharkdp/fd"

[[tools.flux-operator]]
version = "0.44.0"
backend = "github:controlplaneio-fluxcd/flux-operator"

[[tools.flux2]]
version = "2.8.2"
backend = "aqua:fluxcd/flux2"

[[tools.flux9s]]
version = "0.7.7"
backend = "github:dgunzy/flux9s"

[[tools.forward-email]]
version = "v0.2.0-alpha.2"
backend = "github:ginsys/forward-email"

[[tools.fx]]
version = "39.2.0"
backend = "aqua:antonmedv/fx"

[[tools.garage-webui]]
version = "1.1.0"
backend = "github:khairul169/garage-webui"

[[tools.gcloud]]
version = "560.0.0"
backend = "asdf:gcloud"

[[tools.git-who]]
version = "1.3"
backend = "github:sinclairtarget/git-who"

[[tools.github-cli]]
version = "2.88.1"
backend = "aqua:cli/cli"

[[tools."github:MiniCodeMonkey/chief"]]
version = "0.7.0"
backend = "github:MiniCodeMonkey/chief"

[tools."github:MiniCodeMonkey/chief"."platforms.linux-arm64"]
checksum = "sha256:2dffccc824a531781fd5f43e7a3feaec2fe99ad934a2286b06fd32688a51808b"
url = "https://github.com/MiniCodeMonkey/chief/releases/download/v0.7.0/chief_0.7.0_linux_arm64.tar.gz"
url_api = "https://api.github.com/repos/MiniCodeMonkey/chief/releases/assets/369369299"

[tools."github:MiniCodeMonkey/chief"."platforms.linux-arm64-musl"]
checksum = "sha256:2dffccc824a531781fd5f43e7a3feaec2fe99ad934a2286b06fd32688a51808b"
url = "https://github.com/MiniCodeMonkey/chief/releases/download/v0.7.0/chief_0.7.0_linux_arm64.tar.gz"
url_api = "https://api.github.com/repos/MiniCodeMonkey/chief/releases/assets/369369299"

[tools."github:MiniCodeMonkey/chief"."platforms.linux-x64"]
checksum = "sha256:8dd61b55970be21104ef270d72b045a69c7e779002ddff2ae0b65532834aaf7c"
url = "https://github.com/MiniCodeMonkey/chief/releases/download/v0.7.0/chief_0.7.0_linux_amd64.tar.gz"
url_api = "https://api.github.com/repos/MiniCodeMonkey/chief/releases/assets/369369300"

[tools."github:MiniCodeMonkey/chief"."platforms.linux-x64-musl"]
checksum = "sha256:8dd61b55970be21104ef270d72b045a69c7e779002ddff2ae0b65532834aaf7c"
url = "https://github.com/MiniCodeMonkey/chief/releases/download/v0.7.0/chief_0.7.0_linux_amd64.tar.gz"
url_api = "https://api.github.com/repos/MiniCodeMonkey/chief/releases/assets/369369300"

[tools."github:MiniCodeMonkey/chief"."platforms.macos-arm64"]
checksum = "sha256:7456220ff6012c08e04233748224e5f97e28b9faa831a5fc1b32c0f6f754e72e"
url = "https://github.com/MiniCodeMonkey/chief/releases/download/v0.7.0/chief_0.7.0_darwin_arm64.tar.gz"
url_api = "https://api.github.com/repos/MiniCodeMonkey/chief/releases/assets/369369304"

[tools."github:MiniCodeMonkey/chief"."platforms.macos-x64"]
checksum = "sha256:4f2aa72987d79d426da5dc3b2ff04722777d769d3bbabe7526d138bfad39199d"
url = "https://github.com/MiniCodeMonkey/chief/releases/download/v0.7.0/chief_0.7.0_darwin_amd64.tar.gz"
url_api = "https://api.github.com/repos/MiniCodeMonkey/chief/releases/assets/369369306"

[tools."github:MiniCodeMonkey/chief"."platforms.windows-x64"]
checksum = "sha256:88ac8bafd659205c7e5cc9586a37e1980179942ef730f77ca263f93d58191e16"
url = "https://github.com/MiniCodeMonkey/chief/releases/download/v0.7.0/chief_0.7.0_windows_amd64.zip"
url_api = "https://api.github.com/repos/MiniCodeMonkey/chief/releases/assets/369369298"

[[tools."github:gruntwork-io/git-xargs"]]
version = "0.1.16"
backend = "github:gruntwork-io/git-xargs"

[[tools."github:jedi4ever/addt"]]
version = "0.0.9"
backend = "github:jedi4ever/addt"

[[tools."github:traiproject/yaml-schema-router"]]
version = "0.2.0"
backend = "github:traiproject/yaml-schema-router"

[[tools."github:vicanso/zedis"]]
version = "0.2.6"
backend = "github:vicanso/zedis"

[[tools."github:x-motemen/ghq"]]
version = "1.9.4"
backend = "github:x-motemen/ghq"

[[tools."github:zitadel/zitadel"]]
version = "4.12.2"
backend = "github:zitadel/zitadel"

[[tools.gitlab-cli]]
version = "1.89.0"
backend = "gitlab:gitlab-org/cli"

[[tools.go]]
version = "1.26.1"
backend = "core:go"

[[tools.go-containerregistry]]
version = "0.21.2"
backend = "aqua:google/go-containerregistry"

[[tools."go:github.com/nats-io/nkeys/nk"]]
version = "0.4.15"
backend = "go:github.com/nats-io/nkeys/nk"

[[tools.grpcurl]]
version = "1.9.3"
backend = "aqua:fullstorydev/grpcurl"

[[tools.hcloud]]
version = "1.61.0"
backend = "asdf:hcloud"

[[tools.helm]]
version = "4.1.3"
backend = "aqua:helm/helm"

[[tools.hubble]]
version = "1.18.6"
backend = "github:cilium/hubble"

[[tools.hugo]]
version = "0.157.0"
backend = "aqua:gohugoio/hugo"

[[tools.hurl]]
version = "7.1.0"
backend = "aqua:Orange-OpenSource/hurl"

[[tools.hurlfmt]]
version = "7.1.0"
backend = "github:Orange-OpenSource/hurl"

[tools.hurlfmt.options]
exe = "hurlfmt"

[[tools.jb]]
version = "0.6.0"
backend = "asdf:jb"

[[tools.jd]]
version = "2.5.0"
backend = "aqua:josephburnett/jd"

[[tools.jless]]
version = "0.9.0"
backend = "aqua:PaulJuliusMartinez/jless"

[[tools.jnv]]
version = "0.6.2"
backend = "aqua:ynqa/jnv"

[[tools.jqp]]
version = "0.8.0"
backend = "aqua:noahgorstein/jqp"

[[tools.k9s]]
version = "0.50.18"
backend = "aqua:derailed/k9s"

[[tools.kind]]
version = "0.31.0"
backend = "aqua:kubernetes-sigs/kind"

[[tools.kompose]]
version = "1.38.0"
backend = "aqua:kubernetes/kompose"

[[tools.korb]]
version = "2.3.4"
backend = "github:BeryJu/korb"

[[tools.krew]]
version = "0.5.0"
backend = "aqua:kubernetes-sigs/krew"

[tools.krew."platforms.linux-arm64"]
checksum = "sha256:ab7a98b992424e76b6c162f8b67fb76c4b1e243598aa2807bdf226752f964548"
url = "https://github.com/kubernetes-sigs/krew/releases/download/v0.5.0/krew-linux_arm64.tar.gz"

[tools.krew."platforms.linux-arm64-musl"]
checksum = "sha256:ab7a98b992424e76b6c162f8b67fb76c4b1e243598aa2807bdf226752f964548"
url = "https://github.com/kubernetes-sigs/krew/releases/download/v0.5.0/krew-linux_arm64.tar.gz"

[tools.krew."platforms.linux-x64"]
checksum = "sha256:5d5a221fffdf331d1c5c68d9917530ecd102e0def5b5a6d62eeed1c404efb28a"
url = "https://github.com/kubernetes-sigs/krew/releases/download/v0.5.0/krew-linux_amd64.tar.gz"

[tools.krew."platforms.linux-x64-musl"]
checksum = "sha256:5d5a221fffdf331d1c5c68d9917530ecd102e0def5b5a6d62eeed1c404efb28a"
url = "https://github.com/kubernetes-sigs/krew/releases/download/v0.5.0/krew-linux_amd64.tar.gz"

[tools.krew."platforms.macos-arm64"]
checksum = "sha256:cd6e58b4e954e301abd19001d772846997216d696bcaa58f0bcf04708339ece3"
url = "https://github.com/kubernetes-sigs/krew/releases/download/v0.5.0/krew-darwin_arm64.tar.gz"

[tools.krew."platforms.macos-x64"]
checksum = "sha256:2d60559126452b57e3df0612f0475a473363f064da35f817290dbbcd877d1ea8"
url = "https://github.com/kubernetes-sigs/krew/releases/download/v0.5.0/krew-darwin_amd64.tar.gz"

[tools.krew."platforms.windows-x64"]
checksum = "sha256:1fbbb665b61d8a42246818eca47b160f1eab20fe9a3673974d1f28a73bcaddf7"
url = "https://github.com/kubernetes-sigs/krew/releases/download/v0.5.0/krew-windows_amd64.tar.gz"

[[tools.kube-capacity]]
version = "0.8.0"
backend = "aqua:robscott/kube-capacity"

[[tools.kube-score]]
version = "1.20.0"
backend = "aqua:zegl/kube-score"

[[tools.kubebuilder]]
version = "4.13.0"
backend = "aqua:kubernetes-sigs/kubebuilder"

[[tools.kubecolor]]
version = "0.5.3"
backend = "aqua:kubecolor/kubecolor"

[[tools.kubeconform]]
version = "0.7.0"
backend = "aqua:yannh/kubeconform"

[[tools.kubectl]]
version = "1.35.2"
backend = "aqua:kubernetes/kubernetes/kubectl"

[[tools.kubent]]
version = "0.7.1"
backend = "asdf:kubent"

[[tools.kubeseal]]
version = "0.36.1"
backend = "asdf:kubeseal"

[[tools.kubesec]]
version = "2.14.2"
backend = "aqua:controlplaneio/kubesec"

[[tools.kubeshark]]
version = "53.1.0"
backend = "aqua:kubeshark/kubeshark"

[[tools.kubespy]]
version = "0.6.3"
backend = "aqua:pulumi/kubespy"

[[tools.kubewall]]
version = "0.0.16"
backend = "github:kubewall/kubewall"

[[tools.kubie]]
version = "0.26.1"
backend = "aqua:sbstp/kubie"

[[tools.kustomize]]
version = "5.8.1"
backend = "aqua:kubernetes-sigs/kustomize"

[[tools.nats-cli]]
version = "0.3.1"
backend = "github:nats-io/natscli"

[[tools.nats-server]]
version = "2.12.5"
backend = "github:nats-io/nats-server"

[[tools.nats-top]]
version = "0.6.3"
backend = "github:nats-io/nats-top"

[[tools.node]]
version = "25.8.1"
backend = "core:node"

[[tools.nova]]
version = "3.11.13"
backend = "aqua:FairwindsOps/nova"

[[tools.npm]]
version = "11.11.1"
backend = "npm:npm"

[[tools.nsc]]
version = "2.12.0"
backend = "github:nats-io/nsc"

[[tools.oras]]
version = "1.3.1"
backend = "aqua:oras-project/oras"

[[tools.osv-scanner]]
version = "2.3.3"
backend = "aqua:google/osv-scanner"

[[tools.pkl]]
version = "0.31.0"
backend = "aqua:apple/pkl"

[[tools.pluto]]
version = "5.23.5"
backend = "aqua:FairwindsOps/pluto"

[[tools.pnpm]]
version = "10.32.1"
backend = "aqua:pnpm/pnpm"

[[tools.popeye]]
version = "0.22.1"
backend = "aqua:derailed/popeye"

[[tools.rbac-lookup]]
version = "0.10.3"
backend = "aqua:FairwindsOps/rbac-lookup"

[[tools.regbot]]
version = "0.11.2"
backend = "ubi:regclient/regclient"

[[tools.regctl]]
version = "0.11.2"
backend = "aqua:regclient/regclient/regctl"

[[tools.regsync]]
version = "0.11.2"
backend = "aqua:regclient/regclient/regsync"

[[tools.ripgrep]]
version = "15.1.0"
backend = "aqua:BurntSushi/ripgrep"

[[tools.rust]]
version = "1.94.0"
backend = "core:rust"

[[tools.satty]]
version = "0.20.1"
backend = "github:gabm/Satty"

[[tools.scaleway-cli]]
version = "2.53.0"
backend = "aqua:scaleway/scaleway-cli"

[[tools.slsa-verifier]]
version = "2.7.1"
backend = "aqua:slsa-framework/slsa-verifier"

[[tools.snitch]]
version = "0.2.2"
backend = "github:karol-broda/snitch"

[[tools.sops]]
version = "3.12.1"
backend = "aqua:getsops/sops"

[[tools.starship]]
version = "1.24.2"
backend = "aqua:starship/starship"

[[tools.stern]]
version = "1.33.1"
backend = "aqua:stern/stern"

[[tools.superfile]]
version = "1.5.0"
backend = "aqua:yorukot/superfile"

[[tools.talhelper]]
version = "3.1.6"
backend = "aqua:budimanjojo/talhelper"

[[tools.talosctl]]
version = "1.12.5"
backend = "aqua:siderolabs/talos"

[[tools.updatecli]]
version = "0.114.0"
backend = "aqua:updatecli/updatecli"

[[tools.usage]]
version = "2.18.2"
backend = "aqua:jdx/usage"

[[tools.uv]]
version = "0.10.9"
backend = "aqua:astral-sh/uv"

[[tools.vcluster]]
version = "0.32.1"
backend = "aqua:loft-sh/vcluster"

[[tools.velero]]
version = "1.18.0"
backend = "aqua:vmware-tanzu/velero"

[[tools.vfox]]
version = "1.0.6"
backend = "aqua:version-fox/vfox"

[[tools."vfox:mise-plugins/vfox-neovim"]]
version = "0.11.6"
backend = "vfox:mise-plugins/vfox-neovim"

[[tools.yamlfmt]]
version = "0.21.0"
backend = "aqua:google/yamlfmt"

[[tools.yazi]]
version = "26.1.22"
backend = "aqua:sxyazi/yazi"

[[tools.yq]]
version = "4.52.4"
backend = "aqua:mikefarah/yq"
